// !$*UTF8*$!
{
	archiveVersion = 1;
	classes = {
	};
	objectVersion = 56;
	objects = {

/* Begin PBXBuildFile section */
		035469B329FB45F400F8F430 /* SuperLaunchApp.swift in Sources */ = {isa = PBXBuildFile; fileRef = 035469B229FB45F400F8F430 /* SuperLaunchApp.swift */; };
		035469B729FB45F500F8F430 /* Assets.xcassets in Resources */ = {isa = PBXBuildFile; fileRef = 035469B629FB45F500F8F430 /* Assets.xcassets */; };
		035469BA29FB45F500F8F430 /* Preview Assets.xcassets in Resources */ = {isa = PBXBuildFile; fileRef = 035469B929FB45F500F8F430 /* Preview Assets.xcassets */; };
		035469C229FB460E00F8F430 /* LaunchView.swift in Sources */ = {isa = PBXBuildFile; fileRef = 035469C129FB460E00F8F430 /* LaunchView.swift */; };
		035469C429FB462500F8F430 /* LaunchModel.swift in Sources */ = {isa = PBXBuildFile; fileRef = 035469C329FB462500F8F430 /* LaunchModel.swift */; };
		035469C629FB462F00F8F430 /* LaunchViewModel.swift in Sources */ = {isa = PBXBuildFile; fileRef = 035469C529FB462F00F8F430 /* LaunchViewModel.swift */; };
		035469C929FB465F00F8F430 /* AppsMap.json in Resources */ = {isa = PBXBuildFile; fileRef = 035469C829FB465F00F8F430 /* AppsMap.json */; };
		035469CB29FB54D200F8F430 /* CustomKeyboard.swift in Sources */ = {isa = PBXBuildFile; fileRef = 035469CA29FB54D200F8F430 /* CustomKeyboard.swift */; };
		035F96B529FBF7300055F17F /* levenshtein.swift in Sources */ = {isa = PBXBuildFile; fileRef = 035F96B429FBF7300055F17F /* levenshtein.swift */; };
		035F96B729FC7ED90055F17F /* beamSearch.swift in Sources */ = {isa = PBXBuildFile; fileRef = 035F96B629FC7ED90055F17F /* beamSearch.swift */; };
		035F96B929FCB8EF0055F17F /* Trie.swift in Sources */ = {isa = PBXBuildFile; fileRef = 035F96B829FCB8EF0055F17F /* Trie.swift */; };
		035F96BB29FDE12C0055F17F /* CustomKeyboard1.swift in Sources */ = {isa = PBXBuildFile; fileRef = 035F96BA29FDE12C0055F17F /* CustomKeyboard1.swift */; };
		037AF13529FBEAE400335B70 /* MyAppsMap.json in Resources */ = {isa = PBXBuildFile; fileRef = 037AF13429FBEAE400335B70 /* MyAppsMap.json */; };
/* End PBXBuildFile section */

/* Begin PBXFileReference section */
		035469AF29FB45F400F8F430 /* SuperLaunch.app */ = {isa = PBXFileReference; explicitFileType = wrapper.application; includeInIndex = 0; path = SuperLaunch.app; sourceTree = BUILT_PRODUCTS_DIR; };
		035469B229FB45F400F8F430 /* SuperLaunchApp.swift */ = {isa = PBXFileReference; lastKnownFileType = sourcecode.swift; path = SuperLaunchApp.swift; sourceTree = "<group>"; };
		035469B629FB45F500F8F430 /* Assets.xcassets */ = {isa = PBXFileReference; lastKnownFileType = folder.assetcatalog; path = Assets.xcassets; sourceTree = "<group>"; };
		035469B929FB45F500F8F430 /* Preview Assets.xcassets */ = {isa = PBXFileReference; lastKnownFileType = folder.assetcatalog; path = "Preview Assets.xcassets"; sourceTree = "<group>"; };
		035469C129FB460E00F8F430 /* LaunchView.swift */ = {isa = PBXFileReference; lastKnownFileType = sourcecode.swift; path = LaunchView.swift; sourceTree = "<group>"; };
		035469C329FB462500F8F430 /* LaunchModel.swift */ = {isa = PBXFileReference; lastKnownFileType = sourcecode.swift; path = LaunchModel.swift; sourceTree = "<group>"; };
		035469C529FB462F00F8F430 /* LaunchViewModel.swift */ = {isa = PBXFileReference; lastKnownFileType = sourcecode.swift; path = LaunchViewModel.swift; sourceTree = "<group>"; };
		035469C829FB465F00F8F430 /* AppsMap.json */ = {isa = PBXFileReference; lastKnownFileType = text.json; path = AppsMap.json; sourceTree = "<group>"; };
		035469CA29FB54D200F8F430 /* CustomKeyboard.swift */ = {isa = PBXFileReference; lastKnownFileType = sourcecode.swift; path = CustomKeyboard.swift; sourceTree = "<group>"; };
		035F96B429FBF7300055F17F /* levenshtein.swift */ = {isa = PBXFileReference; lastKnownFileType = sourcecode.swift; path = levenshtein.swift; sourceTree = "<group>"; };
		035F96B629FC7ED90055F17F /* beamSearch.swift */ = {isa = PBXFileReference; lastKnownFileType = sourcecode.swift; path = beamSearch.swift; sourceTree = "<group>"; };
		035F96B829FCB8EF0055F17F /* Trie.swift */ = {isa = PBXFileReference; lastKnownFileType = sourcecode.swift; path = Trie.swift; sourceTree = "<group>"; };
		035F96BA29FDE12C0055F17F /* CustomKeyboard1.swift */ = {isa = PBXFileReference; lastKnownFileType = sourcecode.swift; path = CustomKeyboard1.swift; sourceTree = "<group>"; };
		037AF13429FBEAE400335B70 /* MyAppsMap.json */ = {isa = PBXFileReference; lastKnownFileType = text.json; path = MyAppsMap.json; sourceTree = "<group>"; };
/* End PBXFileReference section */

/* Begin PBXFrameworksBuildPhase section */
		035469AC29FB45F400F8F430 /* Frameworks */ = {
			isa = PBXFrameworksBuildPhase;
			buildActionMask = 2147483647;
			files = (
			);
			runOnlyForDeploymentPostprocessing = 0;
		};
/* End PBXFrameworksBuildPhase section */

/* Begin PBXGroup section */
		035469A629FB45F400F8F430 = {
			isa = PBXGroup;
			children = (
				035469B129FB45F400F8F430 /* SuperLaunch */,
				035469B029FB45F400F8F430 /* Products */,
			);
			sourceTree = "<group>";
		};
		035469B029FB45F400F8F430 /* Products */ = {
			isa = PBXGroup;
			children = (
				035469AF29FB45F400F8F430 /* SuperLaunch.app */,
			);
			name = Products;
			sourceTree = "<group>";
		};
		035469B129FB45F400F8F430 /* SuperLaunch */ = {
			isa = PBXGroup;
			children = (
				035469C829FB465F00F8F430 /* AppsMap.json */,
				037AF13429FBEAE400335B70 /* MyAppsMap.json */,
				035469C729FB464C00F8F430 /* Base */,
				035469C029FB45FE00F8F430 /* Views */,
				035469B229FB45F400F8F430 /* SuperLaunchApp.swift */,
				035469B629FB45F500F8F430 /* Assets.xcassets */,
				035469B829FB45F500F8F430 /* Preview Content */,
			);
			path = SuperLaunch;
			sourceTree = "<group>";
		};
		035469B829FB45F500F8F430 /* Preview Content */ = {
			isa = PBXGroup;
			children = (
				035469B929FB45F500F8F430 /* Preview Assets.xcassets */,
			);
			path = "Preview Content";
			sourceTree = "<group>";
		};
		035469C029FB45FE00F8F430 /* Views */ = {
			isa = PBXGroup;
			children = (
				035469C129FB460E00F8F430 /* LaunchView.swift */,
				035469C329FB462500F8F430 /* LaunchModel.swift */,
				035469C529FB462F00F8F430 /* LaunchViewModel.swift */,
			);
			path = Views;
			sourceTree = "<group>";
		};
		035469C729FB464C00F8F430 /* Base */ = {
			isa = PBXGroup;
			children = (
				035469CA29FB54D200F8F430 /* CustomKeyboard.swift */,
				035F96B429FBF7300055F17F /* levenshtein.swift */,
				035F96B629FC7ED90055F17F /* beamSearch.swift */,
				035F96B829FCB8EF0055F17F /* Trie.swift */,
				035F96BA29FDE12C0055F17F /* CustomKeyboard1.swift */,
			);
			path = Base;
			sourceTree = "<group>";
		};
/* End PBXGroup section */

/* Begin PBXNativeTarget section */
		035469AE29FB45F400F8F430 /* SuperLaunch */ = {
			isa = PBXNativeTarget;
			buildConfigurationList = 035469BD29FB45F500F8F430 /* Build configuration list for PBXNativeTarget "SuperLaunch" */;
			buildPhases = (
				035469AB29FB45F400F8F430 /* Sources */,
				035469AC29FB45F400F8F430 /* Frameworks */,
				035469AD29FB45F400F8F430 /* Resources */,
			);
			buildRules = (
			);
			dependencies = (
			);
			name = SuperLaunch;
			productName = SuperLaunch;
			productReference = 035469AF29FB45F400F8F430 /* SuperLaunch.app */;
			productType = "com.apple.product-type.application";
		};
/* End PBXNativeTarget section */

/* Begin PBXProject section */
		035469A729FB45F400F8F430 /* Project object */ = {
			isa = PBXProject;
			attributes = {
				BuildIndependentTargetsInParallel = 1;
				LastSwiftUpdateCheck = 1430;
				LastUpgradeCheck = 1430;
				TargetAttributes = {
					035469AE29FB45F400F8F430 = {
						CreatedOnToolsVersion = 14.3;
					};
				};
			};
			buildConfigurationList = 035469AA29FB45F400F8F430 /* Build configuration list for PBXProject "SuperLaunch" */;
			compatibilityVersion = "Xcode 14.0";
			developmentRegion = en;
			hasScannedForEncodings = 0;
			knownRegions = (
				en,
				Base,
			);
			mainGroup = 035469A629FB45F400F8F430;
			productRefGroup = 035469B029FB45F400F8F430 /* Products */;
			projectDirPath = "";
			projectRoot = "";
			targets = (
				035469AE29FB45F400F8F430 /* SuperLaunch */,
			);
		};
/* End PBXProject section */

/* Begin PBXResourcesBuildPhase section */
		035469AD29FB45F400F8F430 /* Resources */ = {
			isa = PBXResourcesBuildPhase;
			buildActionMask = 2147483647;
			files = (
				035469C929FB465F00F8F430 /* AppsMap.json in Resources */,
				037AF13529FBEAE400335B70 /* MyAppsMap.json in Resources */,
				035469BA29FB45F500F8F430 /* Preview Assets.xcassets in Resources */,
				035469B729FB45F500F8F430 /* Assets.xcassets in Resources */,
			);
			runOnlyForDeploymentPostprocessing = 0;
		};
/* End PBXResourcesBuildPhase section */

/* Begin PBXSourcesBuildPhase section */
		035469AB29FB45F400F8F430 /* Sources */ = {
			isa = PBXSourcesBuildPhase;
			buildActionMask = 2147483647;
			files = (
				035469C429FB462500F8F430 /* LaunchModel.swift in Sources */,
				035F96B929FCB8EF0055F17F /* Trie.swift in Sources */,
				035469CB29FB54D200F8F430 /* CustomKeyboard.swift in Sources */,
				035469B329FB45F400F8F430 /* SuperLaunchApp.swift in Sources */,
				035469C629FB462F00F8F430 /* LaunchViewModel.swift in Sources */,
				035F96B729FC7ED90055F17F /* beamSearch.swift in Sources */,
				035F96BB29FDE12C0055F17F /* CustomKeyboard1.swift in Sources */,
				035469C229FB460E00F8F430 /* LaunchView.swift in Sources */,
				035F96B529FBF7300055F17F /* levenshtein.swift in Sources */,
			);
			runOnlyForDeploymentPostprocessing = 0;
		};
/* End PBXSourcesBuildPhase section */

/* Begin XCBuildConfiguration section */
		035469BB29FB45F500F8F430 /* Debug */ = {
			isa = XCBuildConfiguration;
			buildSettings = {
				ALWAYS_SEARCH_USER_PATHS = NO;
				CLANG_ANALYZER_NONNULL = YES;
				CLANG_ANALYZER_NUMBER_OBJECT_CONVERSION = YES_AGGRESSIVE;
				CLANG_CXX_LANGUAGE_STANDARD = "gnu++20";
				CLANG_ENABLE_MODULES = YES;
				CLANG_ENABLE_OBJC_ARC = YES;
				CLANG_ENABLE_OBJC_WEAK = YES;
				CLANG_WARN_BLOCK_CAPTURE_AUTORELEASING = YES;
				CLANG_WARN_BOOL_CONVERSION = YES;
				CLANG_WARN_COMMA = YES;
				CLANG_WARN_CONSTANT_CONVERSION = YES;
				CLANG_WARN_DEPRECATED_OBJC_IMPLEMENTATIONS = YES;
				CLANG_WARN_DIRECT_OBJC_ISA_USAGE = YES_ERROR;
				CLANG_WARN_DOCUMENTATION_COMMENTS = YES;
				CLANG_WARN_EMPTY_BODY = YES;
				CLANG_WARN_ENUM_CONVERSION = YES;
				CLANG_WARN_INFINITE_RECURSION = YES;
				CLANG_WARN_INT_CONVERSION = YES;
				CLANG_WARN_NON_LITERAL_NULL_CONVERSION = YES;
				CLANG_WARN_OBJC_IMPLICIT_RETAIN_SELF = YES;
				CLANG_WARN_OBJC_LITERAL_CONVERSION = YES;
				CLANG_WARN_OBJC_ROOT_CLASS = YES_ERROR;
				CLANG_WARN_QUOTED_INCLUDE_IN_FRAMEWORK_HEADER = YES;
				CLANG_WARN_RANGE_LOOP_ANALYSIS = YES;
				CLANG_WARN_STRICT_PROTOTYPES = YES;
				CLANG_WARN_SUSPICIOUS_MOVE = YES;
				CLANG_WARN_UNGUARDED_AVAILABILITY = YES_AGGRESSIVE;
				CLANG_WARN_UNREACHABLE_CODE = YES;
				CLANG_WARN__DUPLICATE_METHOD_MATCH = YES;
				COPY_PHASE_STRIP = NO;
				DEBUG_INFORMATION_FORMAT = dwarf;
				ENABLE_STRICT_OBJC_MSGSEND = YES;
				ENABLE_TESTABILITY = YES;
				GCC_C_LANGUAGE_STANDARD = gnu11;
				GCC_DYNAMIC_NO_PIC = NO;
				GCC_NO_COMMON_BLOCKS = YES;
				GCC_OPTIMIZATION_LEVEL = 0;
				GCC_PREPROCESSOR_DEFINITIONS = (
					"DEBUG=1",
					"$(inherited)",
				);
				GCC_WARN_64_TO_32_BIT_CONVERSION = YES;
				GCC_WARN_ABOUT_RETURN_TYPE = YES_ERROR;
				GCC_WARN_UNDECLARED_SELECTOR = YES;
				GCC_WARN_UNINITIALIZED_AUTOS = YES_AGGRESSIVE;
				GCC_WARN_UNUSED_FUNCTION = YES;
				GCC_WARN_UNUSED_VARIABLE = YES;
				IPHONEOS_DEPLOYMENT_TARGET = 16.4;
				MTL_ENABLE_DEBUG_INFO = INCLUDE_SOURCE;
				MTL_FAST_MATH = YES;
				ONLY_ACTIVE_ARCH = YES;
				SDKROOT = iphoneos;
				SWIFT_ACTIVE_COMPILATION_CONDITIONS = DEBUG;
				SWIFT_OPTIMIZATION_LEVEL = "-Onone";
			};
			name = Debug;
		};
		035469BC29FB45F500F8F430 /* Release */ = {
			isa = XCBuildConfiguration;
			buildSettings = {
				ALWAYS_SEARCH_USER_PATHS = NO;
				CLANG_ANALYZER_NONNULL = YES;
				CLANG_ANALYZER_NUMBER_OBJECT_CONVERSION = YES_AGGRESSIVE;
				CLANG_CXX_LANGUAGE_STANDARD = "gnu++20";
				CLANG_ENABLE_MODULES = YES;
				CLANG_ENABLE_OBJC_ARC = YES;
				CLANG_ENABLE_OBJC_WEAK = YES;
				CLANG_WARN_BLOCK_CAPTURE_AUTORELEASING = YES;
				CLANG_WARN_BOOL_CONVERSION = YES;
				CLANG_WARN_COMMA = YES;
				CLANG_WARN_CONSTANT_CONVERSION = YES;
				CLANG_WARN_DEPRECATED_OBJC_IMPLEMENTATIONS = YES;
				CLANG_WARN_DIRECT_OBJC_ISA_USAGE = YES_ERROR;
				CLANG_WARN_DOCUMENTATION_COMMENTS = YES;
				CLANG_WARN_EMPTY_BODY = YES;
				CLANG_WARN_ENUM_CONVERSION = YES;
				CLANG_WARN_INFINITE_RECURSION = YES;
				CLANG_WARN_INT_CONVERSION = YES;
				CLANG_WARN_NON_LITERAL_NULL_CONVERSION = YES;
				CLANG_WARN_OBJC_IMPLICIT_RETAIN_SELF = YES;
				CLANG_WARN_OBJC_LITERAL_CONVERSION = YES;
				CLANG_WARN_OBJC_ROOT_CLASS = YES_ERROR;
				CLANG_WARN_QUOTED_INCLUDE_IN_FRAMEWORK_HEADER = YES;
				CLANG_WARN_RANGE_LOOP_ANALYSIS = YES;
				CLANG_WARN_STRICT_PROTOTYPES = YES;
				CLANG_WARN_SUSPICIOUS_MOVE = YES;
				CLANG_WARN_UNGUARDED_AVAILABILITY = YES_AGGRESSIVE;
				CLANG_WARN_UNREACHABLE_CODE = YES;
				CLANG_WARN__DUPLICATE_METHOD_MATCH = YES;
				COPY_PHASE_STRIP = NO;
				DEBUG_INFORMATION_FORMAT = "dwarf-with-dsym";
				ENABLE_NS_ASSERTIONS = NO;
				ENABLE_STRICT_OBJC_MSGSEND = YES;
				GCC_C_LANGUAGE_STANDARD = gnu11;
				GCC_NO_COMMON_BLOCKS = YES;
				GCC_WARN_64_TO_32_BIT_CONVERSION = YES;
				GCC_WARN_ABOUT_RETURN_TYPE = YES_ERROR;
				GCC_WARN_UNDECLARED_SELECTOR = YES;
				GCC_WARN_UNINITIALIZED_AUTOS = YES_AGGRESSIVE;
				GCC_WARN_UNUSED_FUNCTION = YES;
				GCC_WARN_UNUSED_VARIABLE = YES;
				IPHONEOS_DEPLOYMENT_TARGET = 16.4;
				MTL_ENABLE_DEBUG_INFO = NO;
				MTL_FAST_MATH = YES;
				SDKROOT = iphoneos;
				SWIFT_COMPILATION_MODE = wholemodule;
				SWIFT_OPTIMIZATION_LEVEL = "-O";
				VALIDATE_PRODUCT = YES;
			};
			name = Release;
		};
		035469BE29FB45F500F8F430 /* Debug */ = {
			isa = XCBuildConfiguration;
			buildSettings = {
				ASSETCATALOG_COMPILER_APPICON_NAME = AppIcon;
				ASSETCATALOG_COMPILER_GLOBAL_ACCENT_COLOR_NAME = AccentColor;
				CODE_SIGN_STYLE = Automatic;
				CURRENT_PROJECT_VERSION = 1;
				DEVELOPMENT_ASSET_PATHS = "\"SuperLaunch/Preview Content\"";
				DEVELOPMENT_TEAM = ANWKSF5TTC;
				ENABLE_PREVIEWS = YES;
				GENERATE_INFOPLIST_FILE = YES;
				INFOPLIST_KEY_UIApplicationSceneManifest_Generation = YES;
				INFOPLIST_KEY_UIApplicationSupportsIndirectInputEvents = YES;
				INFOPLIST_KEY_UILaunchScreen_Generation = YES;
				INFOPLIST_KEY_UISupportedInterfaceOrientations_iPad = "UIInterfaceOrientationPortrait UIInterfaceOrientationPortraitUpsideDown UIInterfaceOrientationLandscapeLeft UIInterfaceOrientationLandscapeRight";
				INFOPLIST_KEY_UISupportedInterfaceOrientations_iPhone = "UIInterfaceOrientationPortrait UIInterfaceOrientationLandscapeLeft UIInterfaceOrientationLandscapeRight";
				LD_RUNPATH_SEARCH_PATHS = (
					"$(inherited)",
					"@executable_path/Frameworks",
				);
				MARKETING_VERSION = 1.0;
				PRODUCT_BUNDLE_IDENTIFIER = emagaram.SuperLaunch;
				PRODUCT_NAME = "$(TARGET_NAME)";
				SWIFT_EMIT_LOC_STRINGS = YES;
				SWIFT_VERSION = 5.0;
				TARGETED_DEVICE_FAMILY = "1,2";
			};
			name = Debug;
		};
		035469BF29FB45F500F8F430 /* Release */ = {
			isa = XCBuildConfiguration;
			buildSettings = {
				ASSETCATALOG_COMPILER_APPICON_NAME = AppIcon;
				ASSETCATALOG_COMPILER_GLOBAL_ACCENT_COLOR_NAME = AccentColor;
				CODE_SIGN_STYLE = Automatic;
				CURRENT_PROJECT_VERSION = 1;
				DEVELOPMENT_ASSET_PATHS = "\"SuperLaunch/Preview Content\"";
				DEVELOPMENT_TEAM = ANWKSF5TTC;
				ENABLE_PREVIEWS = YES;
				GENERATE_INFOPLIST_FILE = YES;
				INFOPLIST_KEY_UIApplicationSceneManifest_Generation = YES;
				INFOPLIST_KEY_UIApplicationSupportsIndirectInputEvents = YES;
				INFOPLIST_KEY_UILaunchScreen_Generation = YES;
				INFOPLIST_KEY_UISupportedInterfaceOrientations_iPad = "UIInterfaceOrientationPortrait UIInterfaceOrientationPortraitUpsideDown UIInterfaceOrientationLandscapeLeft UIInterfaceOrientationLandscapeRight";
				INFOPLIST_KEY_UISupportedInterfaceOrientations_iPhone = "UIInterfaceOrientationPortrait UIInterfaceOrientationLandscapeLeft UIInterfaceOrientationLandscapeRight";
				LD_RUNPATH_SEARCH_PATHS = (
					"$(inherited)",
					"@executable_path/Frameworks",
				);
				MARKETING_VERSION = 1.0;
				PRODUCT_BUNDLE_IDENTIFIER = emagaram.SuperLaunch;
				PRODUCT_NAME = "$(TARGET_NAME)";
				SWIFT_EMIT_LOC_STRINGS = YES;
				SWIFT_VERSION = 5.0;
				TARGETED_DEVICE_FAMILY = "1,2";
			};
			name = Release;
		};
/* End XCBuildConfiguration section */

/* Begin XCConfigurationList section */
		035469AA29FB45F400F8F430 /* Build configuration list for PBXProject "SuperLaunch" */ = {
			isa = XCConfigurationList;
			buildConfigurations = (
				035469BB29FB45F500F8F430 /* Debug */,
				035469BC29FB45F500F8F430 /* Release */,
			);
			defaultConfigurationIsVisible = 0;
			defaultConfigurationName = Release;
		};
		035469BD29FB45F500F8F430 /* Build configuration list for PBXNativeTarget "SuperLaunch" */ = {
			isa = XCConfigurationList;
			buildConfigurations = (
				035469BE29FB45F500F8F430 /* Debug */,
				035469BF29FB45F500F8F430 /* Release */,
			);
			defaultConfigurationIsVisible = 0;
			defaultConfigurationName = Release;
		};
/* End XCConfigurationList section */
	};
	rootObject = 035469A729FB45F400F8F430 /* Project object */;
}
